
Microsoft Visual Studio Solution File, Format Version 12.00
# Visual Studio Version 16
VisualStudioVersion = 16.0.32510.428
MinimumVisualStudioVersion = 10.0.40219.1
Project("{9A19103F-16F7-4668-BE54-9A1E7A4F7556}") = "WebVayVon.WebApp", "WebVayVon\WebVayVon.WebApp.csproj", "{4DE2A65F-5C36-4FFD-BAB8-37A5C10E1E1B}"
EndProject
Project("{2150E333-8FDC-42A3-9474-1A3956D46DE8}") = "Solution Items", "Solution Items", "{71E707EA-5771-45F8-B830-7940893556E5}"
	ProjectSection(SolutionItems) = preProject
		README.md = README.md
	EndProjectSection
EndProject
Project("{FAE04EC0-301F-11D3-BF4B-00C04F79EFBC}") = "WebVayVon.Data", "WebVayVon.Data\WebVayVon.Data.csproj", "{94C98698-7F34-463D-9192-4186EE2541D6}"
EndProject
Project("{FAE04EC0-301F-11D3-BF4B-00C04F79EFBC}") = "WebVayVon.Application", "WebVayVon.Application\WebVayVon.Application.csproj", "{11C694C9-3F62-48CE-ACEE-271DEFA53028}"
EndProject
Global
	GlobalSection(SolutionConfigurationPlatforms) = preSolution
		Debug|Any CPU = Debug|Any CPU
		Release|Any CPU = Release|Any CPU
	EndGlobalSection
	GlobalSection(ProjectConfigurationPlatforms) = postSolution
		{4DE2A65F-5C36-4FFD-BAB8-37A5C10E1E1B}.Debug|Any CPU.ActiveCfg = Debug|Any CPU
		{4DE2A65F-5C36-4FFD-BAB8-37A5C10E1E1B}.Debug|Any CPU.Build.0 = Debug|Any CPU
		{4DE2A65F-5C36-4FFD-BAB8-37A5C10E1E1B}.Release|Any CPU.ActiveCfg = Release|Any CPU
		{4DE2A65F-5C36-4FFD-BAB8-37A5C10E1E1B}.Release|Any CPU.Build.0 = Release|Any CPU
		{94C98698-7F34-463D-9192-4186EE2541D6}.Debug|Any CPU.ActiveCfg = Debug|Any CPU
		{94C98698-7F34-463D-9192-4186EE2541D6}.Debug|Any CPU.Build.0 = Debug|Any CPU
		{94C98698-7F34-463D-9192-4186EE2541D6}.Release|Any CPU.ActiveCfg = Release|Any CPU
		{94C98698-7F34-463D-9192-4186EE2541D6}.Release|Any CPU.Build.0 = Release|Any CPU
		{11C694C9-3F62-48CE-ACEE-271DEFA53028}.Debug|Any CPU.ActiveCfg = Debug|Any CPU
		{11C694C9-3F62-48CE-ACEE-271DEFA53028}.Debug|Any CPU.Build.0 = Debug|Any CPU
		{11C694C9-3F62-48CE-ACEE-271DEFA53028}.Release|Any CPU.ActiveCfg = Release|Any CPU
		{11C694C9-3F62-48CE-ACEE-271DEFA53028}.Release|Any CPU.Build.0 = Release|Any CPU
	EndGlobalSection
	GlobalSection(SolutionProperties) = preSolution
		HideSolutionNode = FALSE
	EndGlobalSection
	GlobalSection(ExtensibilityGlobals) = postSolution
		SolutionGuid = {1EF40356-0F29-4203-986B-3F5EC798032C}
	EndGlobalSection
EndGlobal
